{
  "name": "rime-sdk-examples",
  "lockfileVersion": 3,
  "requires": true,
  "packages": {
    "": {
      "name": "rime-sdk-examples",
      "dependencies": {
        "@rimelabs/sdk": "file:../../typescript"
      }
    },
    "../../typescript": {
      "name": "@rimelabs/sdk",
      "version": "0.1.0-alpha.5",
      "license": "MIT",
      "dependencies": {
        "@bufbuild/protobuf": "^2.11.0",
        "@grpc/grpc-js": "^1.14.0",
        "@rimelabs/api": "0.1.0",
        "ws": "^8.22.0"
      },
      "devDependencies": {
        "@types/node": "^22.0.0",
        "@types/ws": "^8.18.2",
        "ajv": "^8.20.0",
        "prettier": "3.9.8",
        "typescript": "^5.9.0",
        "yaml": "^2.9.1"
      },
      "engines": {
        "node": ">=22"
      }
    },
    "node_modules/@rimelabs/sdk": {
      "resolved": "../../typescript",
      "link": true
    }
  }
}
